
Microsoft Visual Studio Solution File, Format Version 12.00
# Visual Studio Version 17
VisualStudioVersion = 17.1.32414.318
MinimumVisualStudioVersion = 10.0.40219.1
Project("{FAE04EC0-301F-11D3-BF4B-00C04F79EFBC}") = "RESTApiWithAzureFunction", "RESTApiWithAzureFunction\RESTApiWithAzureFunction.csproj", "{AAA10E62-F95B-4B62-9046-5D2DB543C963}"
EndProject
Project("{2150E333-8FDC-42A3-9474-1A3956D46DE8}") = "Solution Items", "Solution Items", "{4BD2E31F-0CD1-498A-87EB-C24CE5129D7F}"
EndProject
Global
	GlobalSection(SolutionConfigurationPlatforms) = preSolution
		Debug|Any CPU = Debug|Any CPU
		Release|Any CPU = Release|Any CPU
	EndGlobalSection
	GlobalSection(ProjectConfigurationPlatforms) = postSolution
		{AAA10E62-F95B-4B62-9046-5D2DB543C963}.Debug|Any CPU.ActiveCfg = Debug|Any CPU
		{AAA10E62-F95B-4B62-9046-5D2DB543C963}.Debug|Any CPU.Build.0 = Debug|Any CPU
		{AAA10E62-F95B-4B62-9046-5D2DB543C963}.Release|Any CPU.ActiveCfg = Release|Any CPU
		{AAA10E62-F95B-4B62-9046-5D2DB543C963}.Release|Any CPU.Build.0 = Release|Any CPU
	EndGlobalSection
	GlobalSection(SolutionProperties) = preSolution
		HideSolutionNode = FALSE
	EndGlobalSection
	GlobalSection(ExtensibilityGlobals) = postSolution
		SolutionGuid = {FE72E709-6E80-4F89-B113-5F5468551A3F}
	EndGlobalSection
EndGlobal
